{
  "pins" : [
    {
      "identity" : "rest-client-api",
      "kind" : "remoteSourceControl",
      "location" : "https://github.com/yuvraj-2503/rest-client-api",
      "state" : {
        "revision" : "5439ab30204d07922ac3404205db2875194953fc",
        "version" : "1.0.1"
      }
    },
    {
      "identity" : "util-swift-sdk",
      "kind" : "remoteSourceControl",
      "location" : "https://github.com/yuvraj-2503/util-swift-sdk",
      "state" : {
        "revision" : "24e0781725ad97f2370816dd620d6d53a32ef10c",
        "version" : "1.0.3"
      }
    }
  ],
  "version" : 2
}
