{
  "originHash" : "e14157cb3e172c996ef5ab4dad75e8511d07348089374fa540c87d2693377bd0",
  "pins" : [
    {
      "identity" : "rest-client-api",
      "kind" : "remoteSourceControl",
      "location" : "https://github.com/yuvraj-2503/rest-client-api",
      "state" : {
        "revision" : "8c00286237c8aa32f13489193a9edf68af3fe287",
        "version" : "1.0.0"
      }
    },
    {
      "identity" : "util-swift-sdk",
      "kind" : "remoteSourceControl",
      "location" : "https://github.com/yuvraj-2503/util-swift-sdk",
      "state" : {
        "revision" : "d65b12d6ac2c278d48ca7221f1826a852a985147",
        "version" : "1.0.2"
      }
    }
  ],
  "version" : 3
}
